{
  "name": "next-video-site",
  "version": "1.0.0",
  "lockfileVersion": 3,
  "requires": true,
  "packages": {
    "": {
      "name": "next-video-site",
      "version": "1.0.0",
      "license": "ISC",
      "dependencies": {
        "node-webvtt": "^1.9.4"
      }
    },
    "node_modules/commander": {
      "version": "7.2.0",
      "resolved": "https://registry.npmjs.org/commander/-/commander-7.2.0.tgz",
      "integrity": "sha512-QrWXB+ZQSVPmIWIhtEO9H+gwHaMGYiF5ChvoJ+K9ZGHG/sVsa6yiesAD1GC/x46sET00Xlwo1u49RVVVzvcSkw==",
      "license": "MIT",
      "engines": {
        "node": ">= 10"
      }
    },
    "node_modules/node-webvtt": {
      "version": "1.9.4",
      "resolved": "https://registry.npmjs.org/node-webvtt/-/node-webvtt-1.9.4.tgz",
      "integrity": "sha512-EjrJdKdxSyd8j4LMLW6s2Ah4yNoeVXp18Ob04CQl1In18xcUmKzEE8pcsxxnFVqanTyjbGYph2VnvtwIXR4EjA==",
      "license": "MIT",
      "dependencies": {
        "commander": "^7.1.0"
      },
      "bin": {
        "webvtt-segment": "bin/webvtt-segment.js"
      },
      "engines": {
        "node": ">= 8.16.0"
      }
    }
  }
}
